
Microsoft Visual Studio Solution File, Format Version 12.00
# Visual Studio Version 16
VisualStudioVersion = 16.0.29306.81
MinimumVisualStudioVersion = 10.0.40219.1
Project("{FAE04EC0-301F-11D3-BF4B-00C04F79EFBC}") = "precure_initial", "precure_initial\precure_initial.csproj", "{24BB4BC8-86BF-4DC1-B1DF-E639314E302B}"
EndProject
Global
	GlobalSection(SolutionConfigurationPlatforms) = preSolution
		Debug|Any CPU = Debug|Any CPU
		Release|Any CPU = Release|Any CPU
	EndGlobalSection
	GlobalSection(ProjectConfigurationPlatforms) = postSolution
		{24BB4BC8-86BF-4DC1-B1DF-E639314E302B}.Debug|Any CPU.ActiveCfg = Debug|Any CPU
		{24BB4BC8-86BF-4DC1-B1DF-E639314E302B}.Debug|Any CPU.Build.0 = Debug|Any CPU
		{24BB4BC8-86BF-4DC1-B1DF-E639314E302B}.Release|Any CPU.ActiveCfg = Release|Any CPU
		{24BB4BC8-86BF-4DC1-B1DF-E639314E302B}.Release|Any CPU.Build.0 = Release|Any CPU
	EndGlobalSection
	GlobalSection(SolutionProperties) = preSolution
		HideSolutionNode = FALSE
	EndGlobalSection
	GlobalSection(ExtensibilityGlobals) = postSolution
		SolutionGuid = {055F5570-93CE-4BB3-9C84-42158E8AEAA5}
	EndGlobalSection
EndGlobal
